
Microsoft Visual Studio Solution File, Format Version 12.00
# Visual Studio Version 17
VisualStudioVersion = 17.14.37111.16 d17.14
MinimumVisualStudioVersion = 10.0.40219.1
Project("{FAE04EC0-301F-11D3-BF4B-00C04F79EFBC}") = "TheMovieCatalogSystem", "TheMovieCatalogSystem\TheMovieCatalogSystem.csproj", "{E2493354-E31A-452A-B54B-6A0127F62A2C}"
EndProject
Global
	GlobalSection(SolutionConfigurationPlatforms) = preSolution
		Debug|Any CPU = Debug|Any CPU
		Release|Any CPU = Release|Any CPU
	EndGlobalSection
	GlobalSection(ProjectConfigurationPlatforms) = postSolution
		{E2493354-E31A-452A-B54B-6A0127F62A2C}.Debug|Any CPU.ActiveCfg = Debug|Any CPU
		{E2493354-E31A-452A-B54B-6A0127F62A2C}.Debug|Any CPU.Build.0 = Debug|Any CPU
		{E2493354-E31A-452A-B54B-6A0127F62A2C}.Release|Any CPU.ActiveCfg = Release|Any CPU
		{E2493354-E31A-452A-B54B-6A0127F62A2C}.Release|Any CPU.Build.0 = Release|Any CPU
	EndGlobalSection
	GlobalSection(SolutionProperties) = preSolution
		HideSolutionNode = FALSE
	EndGlobalSection
	GlobalSection(ExtensibilityGlobals) = postSolution
		SolutionGuid = {543B15AD-D00A-415C-A103-E7C220478771}
	EndGlobalSection
EndGlobal
